
Microsoft Visual Studio Solution File, Format Version 12.00
# Visual Studio Version 16
VisualStudioVersion = 16.0.30621.155
MinimumVisualStudioVersion = 10.0.40219.1
Project("{FAE04EC0-301F-11D3-BF4B-00C04F79EFBC}") = "01_Types", "01_Types\01_Types.csproj", "{043D1A14-C2E5-4CA6-AC1A-D77FA7A30FB9}"
EndProject
Project("{FAE04EC0-301F-11D3-BF4B-00C04F79EFBC}") = "02_Conditionals", "02_Conditionals\02_Conditionals.csproj", "{8FBA5117-BD64-4D03-A9C3-D2F787197A5F}"
EndProject
Project("{FAE04EC0-301F-11D3-BF4B-00C04F79EFBC}") = "03_Loops", "03_Loops\03_Loops.csproj", "{F06B8576-D19F-434C-BD7F-3405952CA811}"
EndProject
Project("{FAE04EC0-301F-11D3-BF4B-00C04F79EFBC}") = "Week1Challenges", "Week1Challenges\Week1Challenges.csproj", "{941B75DE-CB48-4FDD-9B29-313338D8BDAC}"
EndProject
Project("{FAE04EC0-301F-11D3-BF4B-00C04F79EFBC}") = "04_Methods", "04_Methods\04_Methods.csproj", "{19A9ADCA-3401-477A-B4E1-2288304D7396}"
EndProject
Project("{FAE04EC0-301F-11D3-BF4B-00C04F79EFBC}") = "05_Classes", "05_Classes\05_Classes.csproj", "{235009DA-5B6A-4B90-8B2B-399D0323AF76}"
EndProject
Project("{FAE04EC0-301F-11D3-BF4B-00C04F79EFBC}") = "Week2Challenges", "Week2Challenges\Week2Challenges.csproj", "{03014449-2B80-489E-B436-CEFFA93E405F}"
EndProject
Project("{FAE04EC0-301F-11D3-BF4B-00C04F79EFBC}") = "ToolBoxDemo", "ToolBoxDemo\ToolBoxDemo.csproj", "{A3F396C2-4970-436A-A946-32C9CEC0CD3C}"
EndProject
Project("{FAE04EC0-301F-11D3-BF4B-00C04F79EFBC}") = "06_RepositoryPattern_Repository", "06_RepositoryPattern_Repository\06_RepositoryPattern_Repository.csproj", "{943E6B05-290E-4BAB-903D-B80001C8D6FB}"
EndProject
Project("{FAE04EC0-301F-11D3-BF4B-00C04F79EFBC}") = "06_RepositoryPattern_Console", "06_RepositoryPattern_Console\06_RepositoryPattern_Console.csproj", "{13C8154F-5C90-41D7-B287-A6B3B57D2E2F}"
EndProject
Project("{FAE04EC0-301F-11D3-BF4B-00C04F79EFBC}") = "06_RepositoryPattern_Tests", "06_RepositoryPattern_Tests\06_RepositoryPattern_Tests.csproj", "{45B5BB58-76D6-48BF-B08E-6553BF8DD708}"
EndProject
Project("{FAE04EC0-301F-11D3-BF4B-00C04F79EFBC}") = "07_Inheritance", "07_Inheritance\07_Inheritance.csproj", "{934AD907-B09E-4FAF-B67C-6EBC06824DA7}"
EndProject
Project("{FAE04EC0-301F-11D3-BF4B-00C04F79EFBC}") = "LoopsChallenge", "LoopsChallenge\LoopsChallenge.csproj", "{3686A5E2-FDE1-4168-BB28-7E7C99D15A45}"
EndProject
Project("{FAE04EC0-301F-11D3-BF4B-00C04F79EFBC}") = "OptionalClasses", "OptionalClasses\OptionalClasses.csproj", "{79E9EBAE-6A9B-4530-85C7-AF42C6F018C1}"
EndProject
Project("{FAE04EC0-301F-11D3-BF4B-00C04F79EFBC}") = "OptionalCalculator", "OptionalCalculator\OptionalCalculator.csproj", "{19C3D48A-2C66-4F18-80A1-855A9A8C5075}"
EndProject
Project("{FAE04EC0-301F-11D3-BF4B-00C04F79EFBC}") = "OptionalCalculatorTest", "OptionalCalculatorTest\OptionalCalculatorTest.csproj", "{54829D53-92AA-4235-9366-EC66335D56CF}"
EndProject
Project("{FAE04EC0-301F-11D3-BF4B-00C04F79EFBC}") = "FundamentalsReviewQuiz3Methods", "FundamentalsReviewQuiz3Methods\FundamentalsReviewQuiz3Methods.csproj", "{68AB5EF4-5CA1-41A6-BC8F-6582FA682DBE}"
EndProject
Project("{FAE04EC0-301F-11D3-BF4B-00C04F79EFBC}") = "08_Interfaces", "08_Interfaces\08_Interfaces.csproj", "{01F6696E-D7D4-49DE-8322-8A2F5D6F7568}"
EndProject
Project("{FAE04EC0-301F-11D3-BF4B-00C04F79EFBC}") = "Week4Challenges", "Week4Challenges\Week4Challenges.csproj", "{94CF8943-9757-4AC9-8F3B-9F369594A201}"
EndProject
Global
	GlobalSection(SolutionConfigurationPlatforms) = preSolution
		Debug|Any CPU = Debug|Any CPU
		Release|Any CPU = Release|Any CPU
	EndGlobalSection
	GlobalSection(ProjectConfigurationPlatforms) = postSolution
		{043D1A14-C2E5-4CA6-AC1A-D77FA7A30FB9}.Debug|Any CPU.ActiveCfg = Debug|Any CPU
		{043D1A14-C2E5-4CA6-AC1A-D77FA7A30FB9}.Debug|Any CPU.Build.0 = Debug|Any CPU
		{043D1A14-C2E5-4CA6-AC1A-D77FA7A30FB9}.Release|Any CPU.ActiveCfg = Release|Any CPU
		{043D1A14-C2E5-4CA6-AC1A-D77FA7A30FB9}.Release|Any CPU.Build.0 = Release|Any CPU
		{8FBA5117-BD64-4D03-A9C3-D2F787197A5F}.Debug|Any CPU.ActiveCfg = Debug|Any CPU
		{8FBA5117-BD64-4D03-A9C3-D2F787197A5F}.Debug|Any CPU.Build.0 = Debug|Any CPU
		{8FBA5117-BD64-4D03-A9C3-D2F787197A5F}.Release|Any CPU.ActiveCfg = Release|Any CPU
		{8FBA5117-BD64-4D03-A9C3-D2F787197A5F}.Release|Any CPU.Build.0 = Release|Any CPU
		{F06B8576-D19F-434C-BD7F-3405952CA811}.Debug|Any CPU.ActiveCfg = Debug|Any CPU
		{F06B8576-D19F-434C-BD7F-3405952CA811}.Debug|Any CPU.Build.0 = Debug|Any CPU
		{F06B8576-D19F-434C-BD7F-3405952CA811}.Release|Any CPU.ActiveCfg = Release|Any CPU
		{F06B8576-D19F-434C-BD7F-3405952CA811}.Release|Any CPU.Build.0 = Release|Any CPU
		{941B75DE-CB48-4FDD-9B29-313338D8BDAC}.Debug|Any CPU.ActiveCfg = Debug|Any CPU
		{941B75DE-CB48-4FDD-9B29-313338D8BDAC}.Debug|Any CPU.Build.0 = Debug|Any CPU
		{941B75DE-CB48-4FDD-9B29-313338D8BDAC}.Release|Any CPU.ActiveCfg = Release|Any CPU
		{941B75DE-CB48-4FDD-9B29-313338D8BDAC}.Release|Any CPU.Build.0 = Release|Any CPU
		{19A9ADCA-3401-477A-B4E1-2288304D7396}.Debug|Any CPU.ActiveCfg = Debug|Any CPU
		{19A9ADCA-3401-477A-B4E1-2288304D7396}.Debug|Any CPU.Build.0 = Debug|Any CPU
		{19A9ADCA-3401-477A-B4E1-2288304D7396}.Release|Any CPU.ActiveCfg = Release|Any CPU
		{19A9ADCA-3401-477A-B4E1-2288304D7396}.Release|Any CPU.Build.0 = Release|Any CPU
		{235009DA-5B6A-4B90-8B2B-399D0323AF76}.Debug|Any CPU.ActiveCfg = Debug|Any CPU
		{235009DA-5B6A-4B90-8B2B-399D0323AF76}.Debug|Any CPU.Build.0 = Debug|Any CPU
		{235009DA-5B6A-4B90-8B2B-399D0323AF76}.Release|Any CPU.ActiveCfg = Release|Any CPU
		{235009DA-5B6A-4B90-8B2B-399D0323AF76}.Release|Any CPU.Build.0 = Release|Any CPU
		{03014449-2B80-489E-B436-CEFFA93E405F}.Debug|Any CPU.ActiveCfg = Debug|Any CPU
		{03014449-2B80-489E-B436-CEFFA93E405F}.Debug|Any CPU.Build.0 = Debug|Any CPU
		{03014449-2B80-489E-B436-CEFFA93E405F}.Release|Any CPU.ActiveCfg = Release|Any CPU
		{03014449-2B80-489E-B436-CEFFA93E405F}.Release|Any CPU.Build.0 = Release|Any CPU
		{A3F396C2-4970-436A-A946-32C9CEC0CD3C}.Debug|Any CPU.ActiveCfg = Debug|Any CPU
		{A3F396C2-4970-436A-A946-32C9CEC0CD3C}.Debug|Any CPU.Build.0 = Debug|Any CPU
		{A3F396C2-4970-436A-A946-32C9CEC0CD3C}.Release|Any CPU.ActiveCfg = Release|Any CPU
		{A3F396C2-4970-436A-A946-32C9CEC0CD3C}.Release|Any CPU.Build.0 = Release|Any CPU
		{943E6B05-290E-4BAB-903D-B80001C8D6FB}.Debug|Any CPU.ActiveCfg = Debug|Any CPU
		{943E6B05-290E-4BAB-903D-B80001C8D6FB}.Debug|Any CPU.Build.0 = Debug|Any CPU
		{943E6B05-290E-4BAB-903D-B80001C8D6FB}.Release|Any CPU.ActiveCfg = Release|Any CPU
		{943E6B05-290E-4BAB-903D-B80001C8D6FB}.Release|Any CPU.Build.0 = Release|Any CPU
		{13C8154F-5C90-41D7-B287-A6B3B57D2E2F}.Debug|Any CPU.ActiveCfg = Debug|Any CPU
		{13C8154F-5C90-41D7-B287-A6B3B57D2E2F}.Debug|Any CPU.Build.0 = Debug|Any CPU
		{13C8154F-5C90-41D7-B287-A6B3B57D2E2F}.Release|Any CPU.ActiveCfg = Release|Any CPU
		{13C8154F-5C90-41D7-B287-A6B3B57D2E2F}.Release|Any CPU.Build.0 = Release|Any CPU
		{45B5BB58-76D6-48BF-B08E-6553BF8DD708}.Debug|Any CPU.ActiveCfg = Debug|Any CPU
		{45B5BB58-76D6-48BF-B08E-6553BF8DD708}.Debug|Any CPU.Build.0 = Debug|Any CPU
		{45B5BB58-76D6-48BF-B08E-6553BF8DD708}.Release|Any CPU.ActiveCfg = Release|Any CPU
		{45B5BB58-76D6-48BF-B08E-6553BF8DD708}.Release|Any CPU.Build.0 = Release|Any CPU
		{934AD907-B09E-4FAF-B67C-6EBC06824DA7}.Debug|Any CPU.ActiveCfg = Debug|Any CPU
		{934AD907-B09E-4FAF-B67C-6EBC06824DA7}.Debug|Any CPU.Build.0 = Debug|Any CPU
		{934AD907-B09E-4FAF-B67C-6EBC06824DA7}.Release|Any CPU.ActiveCfg = Release|Any CPU
		{934AD907-B09E-4FAF-B67C-6EBC06824DA7}.Release|Any CPU.Build.0 = Release|Any CPU
		{3686A5E2-FDE1-4168-BB28-7E7C99D15A45}.Debug|Any CPU.ActiveCfg = Debug|Any CPU
		{3686A5E2-FDE1-4168-BB28-7E7C99D15A45}.Debug|Any CPU.Build.0 = Debug|Any CPU
		{3686A5E2-FDE1-4168-BB28-7E7C99D15A45}.Release|Any CPU.ActiveCfg = Release|Any CPU
		{3686A5E2-FDE1-4168-BB28-7E7C99D15A45}.Release|Any CPU.Build.0 = Release|Any CPU
		{79E9EBAE-6A9B-4530-85C7-AF42C6F018C1}.Debug|Any CPU.ActiveCfg = Debug|Any CPU
		{79E9EBAE-6A9B-4530-85C7-AF42C6F018C1}.Debug|Any CPU.Build.0 = Debug|Any CPU
		{79E9EBAE-6A9B-4530-85C7-AF42C6F018C1}.Release|Any CPU.ActiveCfg = Release|Any CPU
		{79E9EBAE-6A9B-4530-85C7-AF42C6F018C1}.Release|Any CPU.Build.0 = Release|Any CPU
		{19C3D48A-2C66-4F18-80A1-855A9A8C5075}.Debug|Any CPU.ActiveCfg = Debug|Any CPU
		{19C3D48A-2C66-4F18-80A1-855A9A8C5075}.Debug|Any CPU.Build.0 = Debug|Any CPU
		{19C3D48A-2C66-4F18-80A1-855A9A8C5075}.Release|Any CPU.ActiveCfg = Release|Any CPU
		{19C3D48A-2C66-4F18-80A1-855A9A8C5075}.Release|Any CPU.Build.0 = Release|Any CPU
		{54829D53-92AA-4235-9366-EC66335D56CF}.Debug|Any CPU.ActiveCfg = Debug|Any CPU
		{54829D53-92AA-4235-9366-EC66335D56CF}.Debug|Any CPU.Build.0 = Debug|Any CPU
		{54829D53-92AA-4235-9366-EC66335D56CF}.Release|Any CPU.ActiveCfg = Release|Any CPU
		{54829D53-92AA-4235-9366-EC66335D56CF}.Release|Any CPU.Build.0 = Release|Any CPU
		{68AB5EF4-5CA1-41A6-BC8F-6582FA682DBE}.Debug|Any CPU.ActiveCfg = Debug|Any CPU
		{68AB5EF4-5CA1-41A6-BC8F-6582FA682DBE}.Debug|Any CPU.Build.0 = Debug|Any CPU
		{68AB5EF4-5CA1-41A6-BC8F-6582FA682DBE}.Release|Any CPU.ActiveCfg = Release|Any CPU
		{68AB5EF4-5CA1-41A6-BC8F-6582FA682DBE}.Release|Any CPU.Build.0 = Release|Any CPU
		{01F6696E-D7D4-49DE-8322-8A2F5D6F7568}.Debug|Any CPU.ActiveCfg = Debug|Any CPU
		{01F6696E-D7D4-49DE-8322-8A2F5D6F7568}.Debug|Any CPU.Build.0 = Debug|Any CPU
		{01F6696E-D7D4-49DE-8322-8A2F5D6F7568}.Release|Any CPU.ActiveCfg = Release|Any CPU
		{01F6696E-D7D4-49DE-8322-8A2F5D6F7568}.Release|Any CPU.Build.0 = Release|Any CPU
		{94CF8943-9757-4AC9-8F3B-9F369594A201}.Debug|Any CPU.ActiveCfg = Debug|Any CPU
		{94CF8943-9757-4AC9-8F3B-9F369594A201}.Debug|Any CPU.Build.0 = Debug|Any CPU
		{94CF8943-9757-4AC9-8F3B-9F369594A201}.Release|Any CPU.ActiveCfg = Release|Any CPU
		{94CF8943-9757-4AC9-8F3B-9F369594A201}.Release|Any CPU.Build.0 = Release|Any CPU
	EndGlobalSection
	GlobalSection(SolutionProperties) = preSolution
		HideSolutionNode = FALSE
	EndGlobalSection
	GlobalSection(ExtensibilityGlobals) = postSolution
		SolutionGuid = {5660152C-992C-40B5-88FB-9411D3C1DB82}
	EndGlobalSection
EndGlobal
